Microsoft Visual Studio Solution File, Format Version 12.00
# Visual Studio Version 17
VisualStudioVersion = 17.5.2.0
MinimumVisualStudioVersion = 10.0.40219.1
Project("{FAE04EC0-301F-11D3-BF4B-00C04F79EFBC}") = "FlowAuthTasks.API", "FlowAuthTasks.API.csproj", "{630E6A30-165A-94E2-9318-6C49D382FD12}"
EndProject
Global
	GlobalSection(SolutionConfigurationPlatforms) = preSolution
		Debug|Any CPU = Debug|Any CPU
		Release|Any CPU = Release|Any CPU
	EndGlobalSection
	GlobalSection(ProjectConfigurationPlatforms) = postSolution
		{630E6A30-165A-94E2-9318-6C49D382FD12}.Debug|Any CPU.ActiveCfg = Debug|Any CPU
		{630E6A30-165A-94E2-9318-6C49D382FD12}.Debug|Any CPU.Build.0 = Debug|Any CPU
		{630E6A30-165A-94E2-9318-6C49D382FD12}.Release|Any CPU.ActiveCfg = Release|Any CPU
		{630E6A30-165A-94E2-9318-6C49D382FD12}.Release|Any CPU.Build.0 = Release|Any CPU
	EndGlobalSection
	GlobalSection(SolutionProperties) = preSolution
		HideSolutionNode = FALSE
	EndGlobalSection
	GlobalSection(ExtensibilityGlobals) = postSolution
		SolutionGuid = {0E926C9E-184C-4D56-BAA0-0177B2D714D1}
	EndGlobalSection
EndGlobal
